{
	"name": "heml",
	"version": "1.0.0",
	"lockfileVersion": 1,
	"requires": true,
	"dependencies": {
		"abbrev": {
			"version": "1.1.1",
			"resolved": "https://registry.npmjs.org/abbrev/-/abbrev-1.1.1.tgz",
			"integrity": "sha512-nne9/IiQ/hzIhY6pdDnbBtz7DjPTKrY00P/zvPSm5pOFkl6xuGrGnXn/VtTNNfNtAfZ9/1RtehkszU9qcTii0Q=="
		},
		"accepts": {
			"version": "1.3.4",
			"resolved": "https://registry.npmjs.org/accepts/-/accepts-1.3.4.tgz",
			"integrity": "sha1-hiRnWMfdbSGmR0/whKR0DsBesh8=",
			"requires": {
				"mime-types": "2.1.17",
				"negotiator": "0.6.1"
			}
		},
		"ansi-align": {
			"version": "2.0.0",
			"resolved": "https://registry.npmjs.org/ansi-align/-/ansi-align-2.0.0.tgz",
			"integrity": "sha1-w2rsy6VjuJzrVW82kPCx2eNUf38=",
			"requires": {
				"string-width": "2.1.1"
			}
		},
		"ansi-escapes": {
			"version": "2.0.0",
			"resolved": "https://registry.npmjs.org/ansi-escapes/-/ansi-escapes-2.0.0.tgz",
			"integrity": "sha1-W65SvkJIeN2Xg+iRDj/Cki6DyBs="
		},
		"ansi-regex": {
			"version": "3.0.0",
			"resolved": "https://registry.npmjs.org/ansi-regex/-/ansi-regex-3.0.0.tgz",
			"integrity": "sha1-7QMXwyIGT3lGbAKWa922Bas32Zg="
		},
		"ansi-styles": {
			"version": "3.2.0",
			"resolved": "https://registry.npmjs.org/ansi-styles/-/ansi-styles-3.2.0.tgz",
			"integrity": "sha512-NnSOmMEYtVR2JVMIGTzynRkkaxtiq1xnFBcdQD/DnNCYPoEPsVJhM98BDyaoNOQIi7p4okdi3E27eN7GQbsUug==",
			"requires": {
				"color-convert": "1.9.0"
			}
		},
		"array-flatten": {
			"version": "1.1.1",
			"resolved": "https://registry.npmjs.org/array-flatten/-/array-flatten-1.1.1.tgz",
			"integrity": "sha1-ml9pkFGx5wczKPKgCJaLZOopVdI="
		},
		"babel-runtime": {
			"version": "6.26.0",
			"resolved": "https://registry.npmjs.org/babel-runtime/-/babel-runtime-6.26.0.tgz",
			"integrity": "sha1-llxwWGaOgrVde/4E/yM3vItWR/4=",
			"requires": {
				"core-js": "2.5.1",
				"regenerator-runtime": "0.11.0"
			}
		},
		"balanced-match": {
			"version": "1.0.0",
			"resolved": "https://registry.npmjs.org/balanced-match/-/balanced-match-1.0.0.tgz",
			"integrity": "sha1-ibTRmasr7kneFk6gK4nORi1xt2c="
		},
		"bluebird": {
			"version": "3.5.1",
			"resolved": "https://registry.npmjs.org/bluebird/-/bluebird-3.5.1.tgz",
			"integrity": "sha512-MKiLiV+I1AA596t9w1sQJ8jkiSr5+ZKi0WKrYGUn6d1Fx+Ij4tIj+m2WMQSGczs5jZVxV339chE8iwk6F64wjA=="
		},
		"body-parser": {
			"version": "1.18.2",
			"resolved": "https://registry.npmjs.org/body-parser/-/body-parser-1.18.2.tgz",
			"integrity": "sha1-h2eKGdhLR9hZuDGZvVm84iKxBFQ=",
			"requires": {
				"bytes": "3.0.0",
				"content-type": "1.0.4",
				"debug": "2.6.9",
				"depd": "1.1.1",
				"http-errors": "1.6.2",
				"iconv-lite": "0.4.19",
				"on-finished": "2.3.0",
				"qs": "6.5.1",
				"raw-body": "2.3.2",
				"type-is": "1.6.15"
			}
		},
		"boxen": {
			"version": "1.2.2",
			"resolved": "https://registry.npmjs.org/boxen/-/boxen-1.2.2.tgz",
			"integrity": "sha1-Px1AMsMP/qnUsCwyLq8up0HcvOU=",
			"requires": {
				"ansi-align": "2.0.0",
				"camelcase": "4.1.0",
				"chalk": "2.2.0",
				"cli-boxes": "1.0.0",
				"string-width": "2.1.1",
				"term-size": "1.2.0",
				"widest-line": "1.0.0"
			}
		},
		"brace-expansion": {
			"version": "1.1.8",
			"resolved": "https://registry.npmjs.org/brace-expansion/-/brace-expansion-1.1.8.tgz",
			"integrity": "sha1-wHshHHyVLsH479Uad+8NHTmQopI=",
			"requires": {
				"balanced-match": "1.0.0",
				"concat-map": "0.0.1"
			}
		},
		"byte-length": {
			"version": "0.1.1",
			"resolved": "https://registry.npmjs.org/byte-length/-/byte-length-0.1.1.tgz",
			"integrity": "sha1-6bR3TbznxZdkv1vofDAniaiHOMM="
		},
		"bytes": {
			"version": "3.0.0",
			"resolved": "https://registry.npmjs.org/bytes/-/bytes-3.0.0.tgz",
			"integrity": "sha1-0ygVQE1olpn4Wk6k+odV3ROpYEg="
		},
		"camelcase": {
			"version": "4.1.0",
			"resolved": "https://registry.npmjs.org/camelcase/-/camelcase-4.1.0.tgz",
			"integrity": "sha1-1UVjW+HjPFQmScaRc+Xeas+uNN0="
		},
		"chalk": {
			"version": "2.2.0",
			"resolved": "https://registry.npmjs.org/chalk/-/chalk-2.2.0.tgz",
			"integrity": "sha512-0BMM/2hG3ZaoPfR6F+h/oWpZtsh3b/s62TjSM6MGCJWEbJDN1acqCXvyhhZsDSVFklpebUoQ5O1kKC7lOzrn9g==",
			"requires": {
				"ansi-styles": "3.2.0",
				"escape-string-regexp": "1.0.5",
				"supports-color": "4.5.0"
			}
		},
		"cli-boxes": {
			"version": "1.0.0",
			"resolved": "https://registry.npmjs.org/cli-boxes/-/cli-boxes-1.0.0.tgz",
			"integrity": "sha1-T6kXw+WclKAEzWH47lCdplFocUM="
		},
		"cli-color": {
			"version": "1.2.0",
			"resolved": "https://registry.npmjs.org/cli-color/-/cli-color-1.2.0.tgz",
			"integrity": "sha1-OlrnT9drYmevZm5p4q+70B3vNNE=",
			"requires": {
				"ansi-regex": "2.1.1",
				"d": "1.0.0",
				"es5-ext": "0.10.35",
				"es6-iterator": "2.0.3",
				"memoizee": "0.4.11",
				"timers-ext": "0.1.2"
			},
			"dependencies": {
				"ansi-regex": {
					"version": "2.1.1",
					"resolved": "https://registry.npmjs.org/ansi-regex/-/ansi-regex-2.1.1.tgz",
					"integrity": "sha1-w7M6te42DYbg5ijwRorn7yfWVN8="
				}
			}
		},
		"cli-cursor": {
			"version": "2.1.0",
			"resolved": "https://registry.npmjs.org/cli-cursor/-/cli-cursor-2.1.0.tgz",
			"integrity": "sha1-s12sN2R5+sw+lHR9QdDQ9SOP/LU=",
			"requires": {
				"restore-cursor": "2.0.0"
			}
		},
		"code-point-at": {
			"version": "1.1.0",
			"resolved": "https://registry.npmjs.org/code-point-at/-/code-point-at-1.1.0.tgz",
			"integrity": "sha1-DQcLTQQ6W+ozovGkDi7bPZpMz3c="
		},
		"color-convert": {
			"version": "1.9.0",
			"resolved": "https://registry.npmjs.org/color-convert/-/color-convert-1.9.0.tgz",
			"integrity": "sha1-Gsz5fdc5uYO/mU1W/sj5WFNkG3o=",
			"requires": {
				"color-name": "1.1.3"
			}
		},
		"color-name": {
			"version": "1.1.3",
			"resolved": "https://registry.npmjs.org/color-name/-/color-name-1.1.3.tgz",
			"integrity": "sha1-p9BVi9icQveV3UIyj3QIMcpTvCU="
		},
		"commander": {
			"version": "2.11.0",
			"resolved": "https://registry.npmjs.org/commander/-/commander-2.11.0.tgz",
			"integrity": "sha512-b0553uYA5YAEGgyYIGYROzKQ7X5RAqedkfjiZxwi0kL1g3bOaBNNZfYkzt/CL0umgD5wc9Jec2FbB98CjkMRvQ=="
		},
		"concat-map": {
			"version": "0.0.1",
			"resolved": "https://registry.npmjs.org/concat-map/-/concat-map-0.0.1.tgz",
			"integrity": "sha1-2Klr13/Wjfd5OnMDajug1UBdR3s="
		},
		"config-chain": {
			"version": "1.1.11",
			"resolved": "https://registry.npmjs.org/config-chain/-/config-chain-1.1.11.tgz",
			"integrity": "sha1-q6CXR9++TD5w52am5BWG4YWfxvI=",
			"requires": {
				"ini": "1.3.4",
				"proto-list": "1.2.4"
			}
		},
		"content-disposition": {
			"version": "0.5.2",
			"resolved": "https://registry.npmjs.org/content-disposition/-/content-disposition-0.5.2.tgz",
			"integrity": "sha1-DPaLud318r55YcOoUXjLhdunjLQ="
		},
		"content-type": {
			"version": "1.0.4",
			"resolved": "https://registry.npmjs.org/content-type/-/content-type-1.0.4.tgz",
			"integrity": "sha512-hIP3EEPs8tB9AT1L+NUqtwOAps4mk2Zob89MWXMHjHWg9milF/j4osnnQLXBCBFBk/tvIG/tUc9mOUJiPBhPXA=="
		},
		"cookie": {
			"version": "0.3.1",
			"resolved": "https://registry.npmjs.org/cookie/-/cookie-0.3.1.tgz",
			"integrity": "sha1-5+Ch+e9DtMi6klxcWpboBtFoc7s="
		},
		"cookie-signature": {
			"version": "1.0.6",
			"resolved": "https://registry.npmjs.org/cookie-signature/-/cookie-signature-1.0.6.tgz",
			"integrity": "sha1-4wOogrNCzD7oylE6eZmXNNqzriw="
		},
		"core-js": {
			"version": "2.5.1",
			"resolved": "https://registry.npmjs.org/core-js/-/core-js-2.5.1.tgz",
			"integrity": "sha1-rmh03GaTd4m4B1T/VCjfZoGcpQs="
		},
		"cross-spawn": {
			"version": "5.1.0",
			"resolved": "https://registry.npmjs.org/cross-spawn/-/cross-spawn-5.1.0.tgz",
			"integrity": "sha1-6L0O/uWPz/b4+UUQoKVUu/ojVEk=",
			"requires": {
				"lru-cache": "4.1.1",
				"shebang-command": "1.2.0",
				"which": "1.3.0"
			}
		},
		"d": {
			"version": "1.0.0",
			"resolved": "https://registry.npmjs.org/d/-/d-1.0.0.tgz",
			"integrity": "sha1-dUu1v+VUUdpppYuU1F9MWwRi1Y8=",
			"requires": {
				"es5-ext": "0.10.35"
			}
		},
		"debug": {
			"version": "2.6.9",
			"resolved": "https://registry.npmjs.org/debug/-/debug-2.6.9.tgz",
			"integrity": "sha512-bC7ElrdJaJnPbAP+1EotYvqZsb3ecl5wi6Bfi6BJTUcNowp6cvspg0jXznRTKDjm/E7AdgFBVeAPVMNcKGsHMA==",
			"requires": {
				"ms": "2.0.0"
			}
		},
		"depd": {
			"version": "1.1.1",
			"resolved": "https://registry.npmjs.org/depd/-/depd-1.1.1.tgz",
			"integrity": "sha1-V4O04cRZ8G+lyif5kfPQbnoxA1k="
		},
		"destroy": {
			"version": "1.0.4",
			"resolved": "https://registry.npmjs.org/destroy/-/destroy-1.0.4.tgz",
			"integrity": "sha1-l4hXRCxEdJ5CBmE+N5RiBYJqvYA="
		},
		"editorconfig": {
			"version": "0.13.3",
			"resolved": "https://registry.npmjs.org/editorconfig/-/editorconfig-0.13.3.tgz",
			"integrity": "sha512-WkjsUNVCu+ITKDj73QDvi0trvpdDWdkDyHybDGSXPfekLCqwmpD7CP7iPbvBgosNuLcI96XTDwNa75JyFl7tEQ==",
			"requires": {
				"bluebird": "3.5.1",
				"commander": "2.11.0",
				"lru-cache": "3.2.0",
				"semver": "5.4.1",
				"sigmund": "1.0.1"
			},
			"dependencies": {
				"lru-cache": {
					"version": "3.2.0",
					"resolved": "https://registry.npmjs.org/lru-cache/-/lru-cache-3.2.0.tgz",
					"integrity": "sha1-cXibO39Tmb7IVl3aOKow0qCX7+4=",
					"requires": {
						"pseudomap": "1.0.2"
					}
				}
			}
		},
		"ee-first": {
			"version": "1.1.1",
			"resolved": "https://registry.npmjs.org/ee-first/-/ee-first-1.1.1.tgz",
			"integrity": "sha1-WQxhFWsK4vTwJVcyoViyZrxWsh0="
		},
		"encodeurl": {
			"version": "1.0.1",
			"resolved": "https://registry.npmjs.org/encodeurl/-/encodeurl-1.0.1.tgz",
			"integrity": "sha1-eePVhlU0aQn+bw9Fpd5oEDspTSA="
		},
		"es5-ext": {
			"version": "0.10.35",
			"resolved": "https://registry.npmjs.org/es5-ext/-/es5-ext-0.10.35.tgz",
			"integrity": "sha1-GO6FjOajxFx9eekcFfzKnsVoSU8=",
			"requires": {
				"es6-iterator": "2.0.3",
				"es6-symbol": "3.1.1"
			}
		},
		"es6-iterator": {
			"version": "2.0.3",
			"resolved": "https://registry.npmjs.org/es6-iterator/-/es6-iterator-2.0.3.tgz",
			"integrity": "sha1-p96IkUGgWpSwhUQDstCg+/qY87c=",
			"requires": {
				"d": "1.0.0",
				"es5-ext": "0.10.35",
				"es6-symbol": "3.1.1"
			}
		},
		"es6-symbol": {
			"version": "3.1.1",
			"resolved": "https://registry.npmjs.org/es6-symbol/-/es6-symbol-3.1.1.tgz",
			"integrity": "sha1-vwDvT9q2uhtG7Le2KbTH7VcVzHc=",
			"requires": {
				"d": "1.0.0",
				"es5-ext": "0.10.35"
			}
		},
		"es6-weak-map": {
			"version": "2.0.2",
			"resolved": "https://registry.npmjs.org/es6-weak-map/-/es6-weak-map-2.0.2.tgz",
			"integrity": "sha1-XjqzIlH/0VOKH45f+hNXdy+S2W8=",
			"requires": {
				"d": "1.0.0",
				"es5-ext": "0.10.35",
				"es6-iterator": "2.0.3",
				"es6-symbol": "3.1.1"
			}
		},
		"escape-html": {
			"version": "1.0.3",
			"resolved": "https://registry.npmjs.org/escape-html/-/escape-html-1.0.3.tgz",
			"integrity": "sha1-Aljq5NPQwJdN4cFpGI7wBR0dGYg="
		},
		"escape-string-regexp": {
			"version": "1.0.5",
			"resolved": "https://registry.npmjs.org/escape-string-regexp/-/escape-string-regexp-1.0.5.tgz",
			"integrity": "sha1-G2HAViGQqN/2rjuyzwIAyhMLhtQ="
		},
		"etag": {
			"version": "1.8.1",
			"resolved": "https://registry.npmjs.org/etag/-/etag-1.8.1.tgz",
			"integrity": "sha1-Qa4u62XvpiJorr/qg6x9eSmbCIc="
		},
		"event-emitter": {
			"version": "0.3.5",
			"resolved": "https://registry.npmjs.org/event-emitter/-/event-emitter-0.3.5.tgz",
			"integrity": "sha1-34xp7vFkeSPHFXuc6DhAYQsCzDk=",
			"requires": {
				"d": "1.0.0",
				"es5-ext": "0.10.35"
			}
		},
		"execa": {
			"version": "0.7.0",
			"resolved": "https://registry.npmjs.org/execa/-/execa-0.7.0.tgz",
			"integrity": "sha1-lEvs00zEHuMqY6n68nrVpl/Fl3c=",
			"requires": {
				"cross-spawn": "5.1.0",
				"get-stream": "3.0.0",
				"is-stream": "1.1.0",
				"npm-run-path": "2.0.2",
				"p-finally": "1.0.0",
				"signal-exit": "3.0.2",
				"strip-eof": "1.0.0"
			}
		},
		"express": {
			"version": "4.16.2",
			"resolved": "https://registry.npmjs.org/express/-/express-4.16.2.tgz",
			"integrity": "sha1-41xt/i1kt9ygpc1PIXgb4ymeB2w=",
			"requires": {
				"accepts": "1.3.4",
				"array-flatten": "1.1.1",
				"body-parser": "1.18.2",
				"content-disposition": "0.5.2",
				"content-type": "1.0.4",
				"cookie": "0.3.1",
				"cookie-signature": "1.0.6",
				"debug": "2.6.9",
				"depd": "1.1.1",
				"encodeurl": "1.0.1",
				"escape-html": "1.0.3",
				"etag": "1.8.1",
				"finalhandler": "1.1.0",
				"fresh": "0.5.2",
				"merge-descriptors": "1.0.1",
				"methods": "1.1.2",
				"on-finished": "2.3.0",
				"parseurl": "1.3.2",
				"path-to-regexp": "0.1.7",
				"proxy-addr": "2.0.2",
				"qs": "6.5.1",
				"range-parser": "1.2.0",
				"safe-buffer": "5.1.1",
				"send": "0.16.1",
				"serve-static": "1.13.1",
				"setprototypeof": "1.1.0",
				"statuses": "1.3.1",
				"type-is": "1.6.15",
				"utils-merge": "1.0.1",
				"vary": "1.1.2"
			}
		},
		"finalhandler": {
			"version": "1.1.0",
			"resolved": "https://registry.npmjs.org/finalhandler/-/finalhandler-1.1.0.tgz",
			"integrity": "sha1-zgtoVbRYU+eRsvzGgARtiCU91/U=",
			"requires": {
				"debug": "2.6.9",
				"encodeurl": "1.0.1",
				"escape-html": "1.0.3",
				"on-finished": "2.3.0",
				"parseurl": "1.3.2",
				"statuses": "1.3.1",
				"unpipe": "1.0.0"
			}
		},
		"forwarded": {
			"version": "0.1.2",
			"resolved": "https://registry.npmjs.org/forwarded/-/forwarded-0.1.2.tgz",
			"integrity": "sha1-mMI9qxF1ZXuMBXPozszZGw/xjIQ="
		},
		"fresh": {
			"version": "0.5.2",
			"resolved": "https://registry.npmjs.org/fresh/-/fresh-0.5.2.tgz",
			"integrity": "sha1-PYyt2Q2XZWn6g1qx+OSyOhBWBac="
		},
		"fs-extra": {
			"version": "4.0.2",
			"resolved": "https://registry.npmjs.org/fs-extra/-/fs-extra-4.0.2.tgz",
			"integrity": "sha1-+RcExT0bRh+JNFKwwwfZmXZHq2s=",
			"requires": {
				"graceful-fs": "4.1.11",
				"jsonfile": "4.0.0",
				"universalify": "0.1.1"
			}
		},
		"fs.realpath": {
			"version": "1.0.0",
			"resolved": "https://registry.npmjs.org/fs.realpath/-/fs.realpath-1.0.0.tgz",
			"integrity": "sha1-FQStJSMVjKpA20onh8sBQRmU6k8="
		},
		"gaze": {
			"version": "1.1.2",
			"resolved": "https://registry.npmjs.org/gaze/-/gaze-1.1.2.tgz",
			"integrity": "sha1-hHIkZ3rbiHDWeSV+0ziP22HkAQU=",
			"requires": {
				"globule": "1.2.0"
			}
		},
		"get-stream": {
			"version": "3.0.0",
			"resolved": "https://registry.npmjs.org/get-stream/-/get-stream-3.0.0.tgz",
			"integrity": "sha1-jpQ9E1jcN1VQVOy+LtsFqhdO3hQ="
		},
		"glob": {
			"version": "7.1.2",
			"resolved": "https://registry.npmjs.org/glob/-/glob-7.1.2.tgz",
			"integrity": "sha512-MJTUg1kjuLeQCJ+ccE4Vpa6kKVXkPYJ2mOCQyUuKLcLQsdrMCpBPUi8qVE6+YuaJkozeA9NusTAw3hLr8Xe5EQ==",
			"requires": {
				"fs.realpath": "1.0.0",
				"inflight": "1.0.6",
				"inherits": "2.0.3",
				"minimatch": "3.0.4",
				"once": "1.4.0",
				"path-is-absolute": "1.0.1"
			}
		},
		"globule": {
			"version": "1.2.0",
			"resolved": "https://registry.npmjs.org/globule/-/globule-1.2.0.tgz",
			"integrity": "sha1-HcScaCLdnoovoAuiopUAboZkvQk=",
			"requires": {
				"glob": "7.1.2",
				"lodash": "4.17.4",
				"minimatch": "3.0.4"
			}
		},
		"graceful-fs": {
			"version": "4.1.11",
			"resolved": "https://registry.npmjs.org/graceful-fs/-/graceful-fs-4.1.11.tgz",
			"integrity": "sha1-Dovf5NHduIVNZOBOp8AOKgJuVlg="
		},
		"graceful-readlink": {
			"version": "1.0.1",
			"resolved": "https://registry.npmjs.org/graceful-readlink/-/graceful-readlink-1.0.1.tgz",
			"integrity": "sha1-TK+tdrxi8C+gObL5Tpo906ORpyU="
		},
		"has-flag": {
			"version": "2.0.0",
			"resolved": "https://registry.npmjs.org/has-flag/-/has-flag-2.0.0.tgz",
			"integrity": "sha1-6CB68cx7MNRGzHC3NLXovhj4jVE="
		},
		"http-errors": {
			"version": "1.6.2",
			"resolved": "https://registry.npmjs.org/http-errors/-/http-errors-1.6.2.tgz",
			"integrity": "sha1-CgAsyFcHGSp+eUbO7cERVfYOxzY=",
			"requires": {
				"depd": "1.1.1",
				"inherits": "2.0.3",
				"setprototypeof": "1.0.3",
				"statuses": "1.3.1"
			},
			"dependencies": {
				"setprototypeof": {
					"version": "1.0.3",
					"resolved": "https://registry.npmjs.org/setprototypeof/-/setprototypeof-1.0.3.tgz",
					"integrity": "sha1-ZlZ+NwQ+608E2RvWWMDL77VbjgQ="
				}
			}
		},
		"iconv-lite": {
			"version": "0.4.19",
			"resolved": "https://registry.npmjs.org/iconv-lite/-/iconv-lite-0.4.19.tgz",
			"integrity": "sha512-oTZqweIP51xaGPI4uPa56/Pri/480R+mo7SeU+YETByQNhDG55ycFyNLIgta9vXhILrxXDmF7ZGhqZIcuN0gJQ=="
		},
		"inflight": {
			"version": "1.0.6",
			"resolved": "https://registry.npmjs.org/inflight/-/inflight-1.0.6.tgz",
			"integrity": "sha1-Sb1jMdfQLQwJvJEKEHW6gWW1bfk=",
			"requires": {
				"once": "1.4.0",
				"wrappy": "1.0.2"
			}
		},
		"inherits": {
			"version": "2.0.3",
			"resolved": "https://registry.npmjs.org/inherits/-/inherits-2.0.3.tgz",
			"integrity": "sha1-Yzwsg+PaQqUC9SRmAiSA9CCCYd4="
		},
		"ini": {
			"version": "1.3.4",
			"resolved": "https://registry.npmjs.org/ini/-/ini-1.3.4.tgz",
			"integrity": "sha1-BTfLedr1m1mhpRff9wbIbsA5Fi4="
		},
		"ipaddr.js": {
			"version": "1.5.2",
			"resolved": "https://registry.npmjs.org/ipaddr.js/-/ipaddr.js-1.5.2.tgz",
			"integrity": "sha1-1LUFvemUaYfM8PxY2QEP+WB+P6A="
		},
		"is-fullwidth-code-point": {
			"version": "2.0.0",
			"resolved": "https://registry.npmjs.org/is-fullwidth-code-point/-/is-fullwidth-code-point-2.0.0.tgz",
			"integrity": "sha1-o7MKXE8ZkYMWeqq5O+764937ZU8="
		},
		"is-promise": {
			"version": "2.1.0",
			"resolved": "https://registry.npmjs.org/is-promise/-/is-promise-2.1.0.tgz",
			"integrity": "sha1-eaKp7OfwlugPNtKy87wWwf9L8/o="
		},
		"is-stream": {
			"version": "1.1.0",
			"resolved": "https://registry.npmjs.org/is-stream/-/is-stream-1.1.0.tgz",
			"integrity": "sha1-EtSj3U5o4Lec6428hBc66A2RykQ="
		},
		"isexe": {
			"version": "2.0.0",
			"resolved": "https://registry.npmjs.org/isexe/-/isexe-2.0.0.tgz",
			"integrity": "sha1-6PvzdNxVb/iUehDcsFctYz8s+hA="
		},
		"js-beautify": {
			"version": "1.7.4",
			"resolved": "https://registry.npmjs.org/js-beautify/-/js-beautify-1.7.4.tgz",
			"integrity": "sha512-6YX1g+lIl0/JDxjFFbgj7fz6i0bWFa2Hdc7PfGqFhynaEiYe1NJ3R1nda0VGaRiGU82OllR+EGDoWFpGr3k5Kg==",
			"requires": {
				"config-chain": "1.1.11",
				"editorconfig": "0.13.3",
				"mkdirp": "0.5.1",
				"nopt": "3.0.6"
			}
		},
		"jsonfile": {
			"version": "4.0.0",
			"resolved": "https://registry.npmjs.org/jsonfile/-/jsonfile-4.0.0.tgz",
			"integrity": "sha1-h3Gq4HmbZAdrdmQPygWPnBDjPss=",
			"requires": {
				"graceful-fs": "4.1.11"
			}
		},
		"lodash": {
			"version": "4.17.4",
			"resolved": "https://registry.npmjs.org/lodash/-/lodash-4.17.4.tgz",
			"integrity": "sha1-eCA6TRwyiuHYbcpkYONptX9AVa4="
		},
		"log-update": {
			"version": "2.1.0",
			"resolved": "https://registry.npmjs.org/log-update/-/log-update-2.1.0.tgz",
			"integrity": "sha1-6jcli1NU7bAuc7KRkAFsh9HIcUE=",
			"requires": {
				"ansi-escapes": "2.0.0",
				"cli-cursor": "2.1.0",
				"wrap-ansi": "3.0.1"
			}
		},
		"lru-cache": {
			"version": "4.1.1",
			"resolved": "https://registry.npmjs.org/lru-cache/-/lru-cache-4.1.1.tgz",
			"integrity": "sha512-q4spe4KTfsAS1SUHLO0wz8Qiyf1+vMIAgpRYioFYDMNqKfHQbg+AVDH3i4fvpl71/P1L0dBl+fQi+P37UYf0ew==",
			"requires": {
				"pseudomap": "1.0.2",
				"yallist": "2.1.2"
			}
		},
		"lru-queue": {
			"version": "0.1.0",
			"resolved": "https://registry.npmjs.org/lru-queue/-/lru-queue-0.1.0.tgz",
			"integrity": "sha1-Jzi9nw089PhEkMVzbEhpmsYyzaM=",
			"requires": {
				"es5-ext": "0.10.35"
			}
		},
		"media-typer": {
			"version": "0.3.0",
			"resolved": "https://registry.npmjs.org/media-typer/-/media-typer-0.3.0.tgz",
			"integrity": "sha1-hxDXrwqmJvj/+hzgAWhUUmMlV0g="
		},
		"memoizee": {
			"version": "0.4.11",
			"resolved": "https://registry.npmjs.org/memoizee/-/memoizee-0.4.11.tgz",
			"integrity": "sha1-vemBdmPJ5A/bKk6hw2cpYIeujI8=",
			"requires": {
				"d": "1.0.0",
				"es5-ext": "0.10.35",
				"es6-weak-map": "2.0.2",
				"event-emitter": "0.3.5",
				"is-promise": "2.1.0",
				"lru-queue": "0.1.0",
				"next-tick": "1.0.0",
				"timers-ext": "0.1.2"
			}
		},
		"merge-descriptors": {
			"version": "1.0.1",
			"resolved": "https://registry.npmjs.org/merge-descriptors/-/merge-descriptors-1.0.1.tgz",
			"integrity": "sha1-sAqqVW3YtEVoFQ7J0blT8/kMu2E="
		},
		"methods": {
			"version": "1.1.2",
			"resolved": "https://registry.npmjs.org/methods/-/methods-1.1.2.tgz",
			"integrity": "sha1-VSmk1nZUE07cxSZmVoNbD4Ua/O4="
		},
		"mime": {
			"version": "1.4.1",
			"resolved": "https://registry.npmjs.org/mime/-/mime-1.4.1.tgz",
			"integrity": "sha512-KI1+qOZu5DcW6wayYHSzR/tXKCDC5Om4s1z2QJjDULzLcmf3DvzS7oluY4HCTrc+9FiKmWUgeNLg7W3uIQvxtQ=="
		},
		"mime-db": {
			"version": "1.30.0",
			"resolved": "https://registry.npmjs.org/mime-db/-/mime-db-1.30.0.tgz",
			"integrity": "sha1-dMZD2i3Z1qRTmZY0ZbJtXKfXHwE="
		},
		"mime-types": {
			"version": "2.1.17",
			"resolved": "https://registry.npmjs.org/mime-types/-/mime-types-2.1.17.tgz",
			"integrity": "sha1-Cdejk/A+mVp5+K+Fe3Cp4KsWVXo=",
			"requires": {
				"mime-db": "1.30.0"
			}
		},
		"mimic-fn": {
			"version": "1.1.0",
			"resolved": "https://registry.npmjs.org/mimic-fn/-/mimic-fn-1.1.0.tgz",
			"integrity": "sha1-5md4PZLonb00KBi1IwudYqZyrRg="
		},
		"minimatch": {
			"version": "3.0.4",
			"resolved": "https://registry.npmjs.org/minimatch/-/minimatch-3.0.4.tgz",
			"integrity": "sha512-yJHVQEhyqPLUTgt9B83PXu6W3rx4MvvHvSUvToogpwoGDOUQ+yDrR0HRot+yOCdCO7u4hX3pWft6kWBBcqh0UA==",
			"requires": {
				"brace-expansion": "1.1.8"
			}
		},
		"minimist": {
			"version": "0.0.8",
			"resolved": "https://registry.npmjs.org/minimist/-/minimist-0.0.8.tgz",
			"integrity": "sha1-hX/Kv8M5fSYluCKCYuhqp6ARsF0="
		},
		"mkdirp": {
			"version": "0.5.1",
			"resolved": "https://registry.npmjs.org/mkdirp/-/mkdirp-0.5.1.tgz",
			"integrity": "sha1-MAV0OOrGz3+MR2fzhkjWaX11yQM=",
			"requires": {
				"minimist": "0.0.8"
			}
		},
		"ms": {
			"version": "2.0.0",
			"resolved": "https://registry.npmjs.org/ms/-/ms-2.0.0.tgz",
			"integrity": "sha1-VgiurfwAvmwpAd9fmGF4jeDVl8g="
		},
		"negotiator": {
			"version": "0.6.1",
			"resolved": "https://registry.npmjs.org/negotiator/-/negotiator-0.6.1.tgz",
			"integrity": "sha1-KzJxhOiZIQEXeyhWP7XnECrNDKk="
		},
		"next-tick": {
			"version": "1.0.0",
			"resolved": "https://registry.npmjs.org/next-tick/-/next-tick-1.0.0.tgz",
			"integrity": "sha1-yobR/ogoFpsBICCOPchCS524NCw="
		},
		"nopt": {
			"version": "3.0.6",
			"resolved": "https://registry.npmjs.org/nopt/-/nopt-3.0.6.tgz",
			"integrity": "sha1-xkZdvwirzU2zWTF/eaxopkayj/k=",
			"requires": {
				"abbrev": "1.1.1"
			}
		},
		"npm-run-path": {
			"version": "2.0.2",
			"resolved": "https://registry.npmjs.org/npm-run-path/-/npm-run-path-2.0.2.tgz",
			"integrity": "sha1-NakjLfo11wZ7TLLd8jV7GHFTbF8=",
			"requires": {
				"path-key": "2.0.1"
			}
		},
		"number-is-nan": {
			"version": "1.0.1",
			"resolved": "https://registry.npmjs.org/number-is-nan/-/number-is-nan-1.0.1.tgz",
			"integrity": "sha1-CXtgK1NCKlIsGvuHkDGDNpQaAR0="
		},
		"on-finished": {
			"version": "2.3.0",
			"resolved": "https://registry.npmjs.org/on-finished/-/on-finished-2.3.0.tgz",
			"integrity": "sha1-IPEzZIGwg811M3mSoWlxqi2QaUc=",
			"requires": {
				"ee-first": "1.1.1"
			}
		},
		"once": {
			"version": "1.4.0",
			"resolved": "https://registry.npmjs.org/once/-/once-1.4.0.tgz",
			"integrity": "sha1-WDsap3WWHUsROsF9nFC6753Xa9E=",
			"requires": {
				"wrappy": "1.0.2"
			}
		},
		"onetime": {
			"version": "2.0.1",
			"resolved": "https://registry.npmjs.org/onetime/-/onetime-2.0.1.tgz",
			"integrity": "sha1-BnQoIw/WdEOyeUsiu6UotoZ5YtQ=",
			"requires": {
				"mimic-fn": "1.1.0"
			}
		},
		"open": {
			"version": "0.0.5",
			"resolved": "https://registry.npmjs.org/open/-/open-0.0.5.tgz",
			"integrity": "sha1-QsPhjslUZra/DcQvOilFw/DK2Pw="
		},
		"p-finally": {
			"version": "1.0.0",
			"resolved": "https://registry.npmjs.org/p-finally/-/p-finally-1.0.0.tgz",
			"integrity": "sha1-P7z7FbiZpEEjs0ttzBi3JDNqLK4="
		},
		"parseurl": {
			"version": "1.3.2",
			"resolved": "https://registry.npmjs.org/parseurl/-/parseurl-1.3.2.tgz",
			"integrity": "sha1-/CidTtiZMRlGDBViUyYs3I3mW/M="
		},
		"path-is-absolute": {
			"version": "1.0.1",
			"resolved": "https://registry.npmjs.org/path-is-absolute/-/path-is-absolute-1.0.1.tgz",
			"integrity": "sha1-F0uSaHNVNP+8es5r9TpanhtcX18="
		},
		"path-key": {
			"version": "2.0.1",
			"resolved": "https://registry.npmjs.org/path-key/-/path-key-2.0.1.tgz",
			"integrity": "sha1-QRyttXTFoUDTpLGRDUDYDMn0C0A="
		},
		"path-to-regexp": {
			"version": "0.1.7",
			"resolved": "https://registry.npmjs.org/path-to-regexp/-/path-to-regexp-0.1.7.tgz",
			"integrity": "sha1-32BBeABfUi8V60SQ5yR6G/qmf4w="
		},
		"proto-list": {
			"version": "1.2.4",
			"resolved": "https://registry.npmjs.org/proto-list/-/proto-list-1.2.4.tgz",
			"integrity": "sha1-IS1b/hMYMGpCD2QCuOJv85ZHqEk="
		},
		"proxy-addr": {
			"version": "2.0.2",
			"resolved": "https://registry.npmjs.org/proxy-addr/-/proxy-addr-2.0.2.tgz",
			"integrity": "sha1-ZXFQT0e7mI7IGAJT+F3X4UlSvew=",
			"requires": {
				"forwarded": "0.1.2",
				"ipaddr.js": "1.5.2"
			}
		},
		"pseudomap": {
			"version": "1.0.2",
			"resolved": "https://registry.npmjs.org/pseudomap/-/pseudomap-1.0.2.tgz",
			"integrity": "sha1-8FKijacOYYkX7wqKw0wa5aaChrM="
		},
		"qs": {
			"version": "6.5.1",
			"resolved": "https://registry.npmjs.org/qs/-/qs-6.5.1.tgz",
			"integrity": "sha512-eRzhrN1WSINYCDCbrz796z37LOe3m5tmW7RQf6oBntukAG1nmovJvhnwHHRMAfeoItc1m2Hk02WER2aQ/iqs+A=="
		},
		"querystringify": {
			"version": "1.0.0",
			"resolved": "https://registry.npmjs.org/querystringify/-/querystringify-1.0.0.tgz",
			"integrity": "sha1-YoYkIRLFtxL6ZU5SZlK/ahP/Bcs="
		},
		"range-parser": {
			"version": "1.2.0",
			"resolved": "https://registry.npmjs.org/range-parser/-/range-parser-1.2.0.tgz",
			"integrity": "sha1-9JvmtIeJTdxA3MlKMi9hEJLgDV4="
		},
		"raw-body": {
			"version": "2.3.2",
			"resolved": "https://registry.npmjs.org/raw-body/-/raw-body-2.3.2.tgz",
			"integrity": "sha1-vNYMd9Prk83gBQKVw/N5OJvIj4k=",
			"requires": {
				"bytes": "3.0.0",
				"http-errors": "1.6.2",
				"iconv-lite": "0.4.19",
				"unpipe": "1.0.0"
			}
		},
		"regenerator-runtime": {
			"version": "0.11.0",
			"resolved": "https://registry.npmjs.org/regenerator-runtime/-/regenerator-runtime-0.11.0.tgz",
			"integrity": "sha512-/aA0kLeRb5N9K0d4fw7ooEbI+xDe+DKD499EQqygGqeS8N3xto15p09uY2xj7ixP81sNPXvRLnAQIqdVStgb1A=="
		},
		"reload": {
			"version": "2.2.2",
			"resolved": "https://registry.npmjs.org/reload/-/reload-2.2.2.tgz",
			"integrity": "sha512-su5O0Db0LSxAw4XHl7FeSlu79PYaFt+OFxEIdc2/kb+pechWOnlQxV2LB+kHVdjjghQ7/2J1G/AWH20qUAywQQ==",
			"requires": {
				"cli-color": "1.2.0",
				"commander": "2.9.0",
				"finalhandler": "1.0.6",
				"minimist": "1.2.0",
				"open": "0.0.5",
				"serve-static": "1.12.6",
				"supervisor": "0.12.0",
				"url-parse": "1.1.9",
				"ws": "3.0.0"
			},
			"dependencies": {
				"commander": {
					"version": "2.9.0",
					"resolved": "https://registry.npmjs.org/commander/-/commander-2.9.0.tgz",
					"integrity": "sha1-nJkJQXbhIkDLItbFFGCYQA/g99Q=",
					"requires": {
						"graceful-readlink": "1.0.1"
					}
				},
				"finalhandler": {
					"version": "1.0.6",
					"resolved": "https://registry.npmjs.org/finalhandler/-/finalhandler-1.0.6.tgz",
					"integrity": "sha1-AHrqM9Gk0+QgF/YkhIrVjSEvgU8=",
					"requires": {
						"debug": "2.6.9",
						"encodeurl": "1.0.1",
						"escape-html": "1.0.3",
						"on-finished": "2.3.0",
						"parseurl": "1.3.2",
						"statuses": "1.3.1",
						"unpipe": "1.0.0"
					}
				},
				"mime": {
					"version": "1.3.4",
					"resolved": "https://registry.npmjs.org/mime/-/mime-1.3.4.tgz",
					"integrity": "sha1-EV+eO2s9rylZmDyzjxSaLUDrXVM="
				},
				"minimist": {
					"version": "1.2.0",
					"resolved": "https://registry.npmjs.org/minimist/-/minimist-1.2.0.tgz",
					"integrity": "sha1-o1AIsg9BOD7sH7kU9M1d95omQoQ="
				},
				"send": {
					"version": "0.15.6",
					"resolved": "https://registry.npmjs.org/send/-/send-0.15.6.tgz",
					"integrity": "sha1-IPI6nJJbdiq4JwX+L52yUqzkfjQ=",
					"requires": {
						"debug": "2.6.9",
						"depd": "1.1.1",
						"destroy": "1.0.4",
						"encodeurl": "1.0.1",
						"escape-html": "1.0.3",
						"etag": "1.8.1",
						"fresh": "0.5.2",
						"http-errors": "1.6.2",
						"mime": "1.3.4",
						"ms": "2.0.0",
						"on-finished": "2.3.0",
						"range-parser": "1.2.0",
						"statuses": "1.3.1"
					}
				},
				"serve-static": {
					"version": "1.12.6",
					"resolved": "https://registry.npmjs.org/serve-static/-/serve-static-1.12.6.tgz",
					"integrity": "sha1-uXN3P2NEmTTaVOW+ul4x2fQhFXc=",
					"requires": {
						"encodeurl": "1.0.1",
						"escape-html": "1.0.3",
						"parseurl": "1.3.2",
						"send": "0.15.6"
					}
				}
			}
		},
		"requires-port": {
			"version": "1.0.0",
			"resolved": "https://registry.npmjs.org/requires-port/-/requires-port-1.0.0.tgz",
			"integrity": "sha1-kl0mAdOaxIXgkc8NpcbmlNw9yv8="
		},
		"restore-cursor": {
			"version": "2.0.0",
			"resolved": "https://registry.npmjs.org/restore-cursor/-/restore-cursor-2.0.0.tgz",
			"integrity": "sha1-n37ih/gv0ybU/RYpI9YhKe7g368=",
			"requires": {
				"onetime": "2.0.1",
				"signal-exit": "3.0.2"
			}
		},
		"safe-buffer": {
			"version": "5.1.1",
			"resolved": "https://registry.npmjs.org/safe-buffer/-/safe-buffer-5.1.1.tgz",
			"integrity": "sha512-kKvNJn6Mm93gAczWVJg7wH+wGYWNrDHdWvpUmHyEsgCtIwwo3bqPtV4tR5tuPaUhTOo/kvhVwd8XwwOllGYkbg=="
		},
		"semver": {
			"version": "5.4.1",
			"resolved": "https://registry.npmjs.org/semver/-/semver-5.4.1.tgz",
			"integrity": "sha512-WfG/X9+oATh81XtllIo/I8gOiY9EXRdv1cQdyykeXK17YcUW3EXUAi2To4pcH6nZtJPr7ZOpM5OMyWJZm+8Rsg=="
		},
		"send": {
			"version": "0.16.1",
			"resolved": "https://registry.npmjs.org/send/-/send-0.16.1.tgz",
			"integrity": "sha512-ElCLJdJIKPk6ux/Hocwhk7NFHpI3pVm/IZOYWqUmoxcgeyM+MpxHHKhb8QmlJDX1pU6WrgaHBkVNm73Sv7uc2A==",
			"requires": {
				"debug": "2.6.9",
				"depd": "1.1.1",
				"destroy": "1.0.4",
				"encodeurl": "1.0.1",
				"escape-html": "1.0.3",
				"etag": "1.8.1",
				"fresh": "0.5.2",
				"http-errors": "1.6.2",
				"mime": "1.4.1",
				"ms": "2.0.0",
				"on-finished": "2.3.0",
				"range-parser": "1.2.0",
				"statuses": "1.3.1"
			}
		},
		"serve-static": {
			"version": "1.13.1",
			"resolved": "https://registry.npmjs.org/serve-static/-/serve-static-1.13.1.tgz",
			"integrity": "sha512-hSMUZrsPa/I09VYFJwa627JJkNs0NrfL1Uzuup+GqHfToR2KcsXFymXSV90hoyw3M+msjFuQly+YzIH/q0MGlQ==",
			"requires": {
				"encodeurl": "1.0.1",
				"escape-html": "1.0.3",
				"parseurl": "1.3.2",
				"send": "0.16.1"
			}
		},
		"setprototypeof": {
			"version": "1.1.0",
			"resolved": "https://registry.npmjs.org/setprototypeof/-/setprototypeof-1.1.0.tgz",
			"integrity": "sha512-BvE/TwpZX4FXExxOxZyRGQQv651MSwmWKZGqvmPcRIjDqWub67kTKuIMx43cZZrS/cBBzwBcNDWoFxt2XEFIpQ=="
		},
		"shebang-command": {
			"version": "1.2.0",
			"resolved": "https://registry.npmjs.org/shebang-command/-/shebang-command-1.2.0.tgz",
			"integrity": "sha1-RKrGW2lbAzmJaMOfNj/uXer98eo=",
			"requires": {
				"shebang-regex": "1.0.0"
			}
		},
		"shebang-regex": {
			"version": "1.0.0",
			"resolved": "https://registry.npmjs.org/shebang-regex/-/shebang-regex-1.0.0.tgz",
			"integrity": "sha1-2kL0l0DAtC2yypcoVxyxkMmO/qM="
		},
		"sigmund": {
			"version": "1.0.1",
			"resolved": "https://registry.npmjs.org/sigmund/-/sigmund-1.0.1.tgz",
			"integrity": "sha1-P/IfGYytIXX587eBhT/ZTQ0ZtZA="
		},
		"signal-exit": {
			"version": "3.0.2",
			"resolved": "https://registry.npmjs.org/signal-exit/-/signal-exit-3.0.2.tgz",
			"integrity": "sha1-tf3AjxKH6hF4Yo5BXiUTK3NkbG0="
		},
		"statuses": {
			"version": "1.3.1",
			"resolved": "https://registry.npmjs.org/statuses/-/statuses-1.3.1.tgz",
			"integrity": "sha1-+vUbnrdKrvOzrPStX2Gr8ky3uT4="
		},
		"string-width": {
			"version": "2.1.1",
			"resolved": "https://registry.npmjs.org/string-width/-/string-width-2.1.1.tgz",
			"integrity": "sha512-nOqH59deCq9SRHlxq1Aw85Jnt4w6KvLKqWVik6oA9ZklXLNIOlqg4F2yrT1MVaTjAqvVwdfeZ7w7aCvJD7ugkw==",
			"requires": {
				"is-fullwidth-code-point": "2.0.0",
				"strip-ansi": "4.0.0"
			}
		},
		"strip-ansi": {
			"version": "4.0.0",
			"resolved": "https://registry.npmjs.org/strip-ansi/-/strip-ansi-4.0.0.tgz",
			"integrity": "sha1-qEeQIusaw2iocTibY1JixQXuNo8=",
			"requires": {
				"ansi-regex": "3.0.0"
			}
		},
		"strip-eof": {
			"version": "1.0.0",
			"resolved": "https://registry.npmjs.org/strip-eof/-/strip-eof-1.0.0.tgz",
			"integrity": "sha1-u0P/VZim6wXYm1n80SnJgzE2Br8="
		},
		"supervisor": {
			"version": "0.12.0",
			"resolved": "https://registry.npmjs.org/supervisor/-/supervisor-0.12.0.tgz",
			"integrity": "sha1-3n5jNwFbKRhRwQ81OMSn8EkX7ME="
		},
		"supports-color": {
			"version": "4.5.0",
			"resolved": "https://registry.npmjs.org/supports-color/-/supports-color-4.5.0.tgz",
			"integrity": "sha1-vnoN5ITexcXN34s9WRJQRJEvY1s=",
			"requires": {
				"has-flag": "2.0.0"
			}
		},
		"term-size": {
			"version": "1.2.0",
			"resolved": "https://registry.npmjs.org/term-size/-/term-size-1.2.0.tgz",
			"integrity": "sha1-RYuDiH8oj8Vtb/+/rSYuJmOO+mk=",
			"requires": {
				"execa": "0.7.0"
			}
		},
		"timers-ext": {
			"version": "0.1.2",
			"resolved": "https://registry.npmjs.org/timers-ext/-/timers-ext-0.1.2.tgz",
			"integrity": "sha1-YcxHp2wavTGV8UUn+XjViulMUgQ=",
			"requires": {
				"es5-ext": "0.10.35",
				"next-tick": "1.0.0"
			}
		},
		"type-is": {
			"version": "1.6.15",
			"resolved": "https://registry.npmjs.org/type-is/-/type-is-1.6.15.tgz",
			"integrity": "sha1-yrEPtJCeRByChC6v4a1kbIGARBA=",
			"requires": {
				"media-typer": "0.3.0",
				"mime-types": "2.1.17"
			}
		},
		"ultron": {
			"version": "1.1.0",
			"resolved": "https://registry.npmjs.org/ultron/-/ultron-1.1.0.tgz",
			"integrity": "sha1-sHoualQagV/Go0zNRTO67DB8qGQ="
		},
		"universalify": {
			"version": "0.1.1",
			"resolved": "https://registry.npmjs.org/universalify/-/universalify-0.1.1.tgz",
			"integrity": "sha1-+nG63UQ3r0wUiEHjs7Fl+enlkLc="
		},
		"unpipe": {
			"version": "1.0.0",
			"resolved": "https://registry.npmjs.org/unpipe/-/unpipe-1.0.0.tgz",
			"integrity": "sha1-sr9O6FFKrmFltIF4KdIbLvSZBOw="
		},
		"url-parse": {
			"version": "1.1.9",
			"resolved": "https://registry.npmjs.org/url-parse/-/url-parse-1.1.9.tgz",
			"integrity": "sha1-xn8dd11R8KGJEd17P/rSe7nlvRk=",
			"requires": {
				"querystringify": "1.0.0",
				"requires-port": "1.0.0"
			}
		},
		"utils-merge": {
			"version": "1.0.1",
			"resolved": "https://registry.npmjs.org/utils-merge/-/utils-merge-1.0.1.tgz",
			"integrity": "sha1-n5VxD1CiZ5R7LMwSR0HBAoQn5xM="
		},
		"vary": {
			"version": "1.1.2",
			"resolved": "https://registry.npmjs.org/vary/-/vary-1.1.2.tgz",
			"integrity": "sha1-IpnwLG3tMNSllhsLn3RSShj2NPw="
		},
		"which": {
			"version": "1.3.0",
			"resolved": "https://registry.npmjs.org/which/-/which-1.3.0.tgz",
			"integrity": "sha512-xcJpopdamTuY5duC/KnTTNBraPK54YwpenP4lzxU8H91GudWpFv38u0CKjclE1Wi2EH2EDz5LRcHcKbCIzqGyg==",
			"requires": {
				"isexe": "2.0.0"
			}
		},
		"widest-line": {
			"version": "1.0.0",
			"resolved": "https://registry.npmjs.org/widest-line/-/widest-line-1.0.0.tgz",
			"integrity": "sha1-DAnIXCqUaD0Nfq+O4JfVZL8OEFw=",
			"requires": {
				"string-width": "1.0.2"
			},
			"dependencies": {
				"ansi-regex": {
					"version": "2.1.1",
					"resolved": "https://registry.npmjs.org/ansi-regex/-/ansi-regex-2.1.1.tgz",
					"integrity": "sha1-w7M6te42DYbg5ijwRorn7yfWVN8="
				},
				"is-fullwidth-code-point": {
					"version": "1.0.0",
					"resolved": "https://registry.npmjs.org/is-fullwidth-code-point/-/is-fullwidth-code-point-1.0.0.tgz",
					"integrity": "sha1-754xOG8DGn8NZDr4L95QxFfvAMs=",
					"requires": {
						"number-is-nan": "1.0.1"
					}
				},
				"string-width": {
					"version": "1.0.2",
					"resolved": "https://registry.npmjs.org/string-width/-/string-width-1.0.2.tgz",
					"integrity": "sha1-EYvfW4zcUaKn5w0hHgfisLmxB9M=",
					"requires": {
						"code-point-at": "1.1.0",
						"is-fullwidth-code-point": "1.0.0",
						"strip-ansi": "3.0.1"
					}
				},
				"strip-ansi": {
					"version": "3.0.1",
					"resolved": "https://registry.npmjs.org/strip-ansi/-/strip-ansi-3.0.1.tgz",
					"integrity": "sha1-ajhfuIU9lS1f8F0Oiq+UJ43GPc8=",
					"requires": {
						"ansi-regex": "2.1.1"
					}
				}
			}
		},
		"wrap-ansi": {
			"version": "3.0.1",
			"resolved": "https://registry.npmjs.org/wrap-ansi/-/wrap-ansi-3.0.1.tgz",
			"integrity": "sha1-KIoE2H7aXChuBg3+jxNc6NAH+Lo=",
			"requires": {
				"string-width": "2.1.1",
				"strip-ansi": "4.0.0"
			}
		},
		"wrappy": {
			"version": "1.0.2",
			"resolved": "https://registry.npmjs.org/wrappy/-/wrappy-1.0.2.tgz",
			"integrity": "sha1-tSQ9jz7BqjXxNkYFvA0QNuMKtp8="
		},
		"ws": {
			"version": "3.0.0",
			"resolved": "https://registry.npmjs.org/ws/-/ws-3.0.0.tgz",
			"integrity": "sha1-mN2wAFbIOQy3Ued4h4hJf5kQO2w=",
			"requires": {
				"safe-buffer": "5.0.1",
				"ultron": "1.1.0"
			},
			"dependencies": {
				"safe-buffer": {
					"version": "5.0.1",
					"resolved": "https://registry.npmjs.org/safe-buffer/-/safe-buffer-5.0.1.tgz",
					"integrity": "sha1-0mPKVGls2KMGtcplUekt5XkY++c="
				}
			}
		},
		"yallist": {
			"version": "2.1.2",
			"resolved": "https://registry.npmjs.org/yallist/-/yallist-2.1.2.tgz",
			"integrity": "sha1-HBH5IY8HYImkfdUS+TxmmaaoHVI="
		}
	}
}
