{
  "requires": true,
  "lockfileVersion": 1,
  "dependencies": {
    "escape-goat": {
      "version": "1.3.0",
      "resolved": "https://registry.npmjs.org/escape-goat/-/escape-goat-1.3.0.tgz",
      "integrity": "sha512-E2nU1Y39N5UgfLU8qwMlK0vZrZprIwWLeVmDYN8wd/e37hMtGzu2w1DBiREts0XHfgyZEQlj/hYr0H0izF0HDQ=="
    },
    "html-tags": {
      "version": "2.0.0",
      "resolved": "https://registry.npmjs.org/html-tags/-/html-tags-2.0.0.tgz",
      "integrity": "sha1-ELMKOGCF9Dzt41PMj6fLDe7qZos="
    },
    "is-promise": {
      "version": "2.1.0",
      "resolved": "https://registry.npmjs.org/is-promise/-/is-promise-2.1.0.tgz",
      "integrity": "sha1-eaKp7OfwlugPNtKy87wWwf9L8/o="
    },
    "lodash": {
      "version": "4.17.4",
      "resolved": "https://registry.npmjs.org/lodash/-/lodash-4.17.4.tgz",
      "integrity": "sha1-eCA6TRwyiuHYbcpkYONptX9AVa4="
    },
    "stringify-attributes": {
      "version": "1.0.0",
      "resolved": "https://registry.npmjs.org/stringify-attributes/-/stringify-attributes-1.0.0.tgz",
      "integrity": "sha1-nosvmpRn57SAk8shJOvBwX5jgsU=",
      "requires": {
        "escape-goat": "1.3.0"
      }
    }
  }
}
