{
	"requires": true,
	"lockfileVersion": 1,
	"dependencies": {
		"css-groups": {
			"version": "0.1.1",
			"resolved": "https://registry.npmjs.org/css-groups/-/css-groups-0.1.1.tgz",
			"integrity": "sha1-UyvG3LId3Mps1BCdAkmPyY/7BO8="
		},
		"lodash": {
			"version": "4.17.4",
			"resolved": "https://registry.npmjs.org/lodash/-/lodash-4.17.4.tgz",
			"integrity": "sha1-eCA6TRwyiuHYbcpkYONptX9AVa4="
		}
	}
}
